<Solution>
  <Folder Name="/Src/">
    <Project Path="Src/Krisma.API/Krisma.API.csproj" />
    <Project Path="Src/Krisma.Application/Krisma.Application.csproj" />
    <Project Path="Src/Krisma.Domain/Krisma.Domain.csproj" />
    <Project Path="Src/Krisma.Infraestructure/Krisma.Infraestructure.csproj" />
  </Folder>
  <Folder Name="/Tests/">
    <Project Path="Tests/Krisma.Tests/Krisma.Tests.csproj" Id="ac1d5584-ac6f-4057-ac63-acb29c7f6eb9" />
  </Folder>
</Solution>
